
Microsoft Visual Studio Solution File, Format Version 12.00
# Visual Studio Version 16
VisualStudioVersion = 16.0.30309.148
MinimumVisualStudioVersion = 10.0.40219.1
Project("{FAE04EC0-301F-11D3-BF4B-00C04F79EFBC}") = "Wikipedia", "Wikipedia.csproj", "{8ADA6C41-30D2-4BAC-98FB-1F11D83BDFDD}"
EndProject
Global
	GlobalSection(SolutionConfigurationPlatforms) = preSolution
		Debug|Any CPU = Debug|Any CPU
		Release|Any CPU = Release|Any CPU
	EndGlobalSection
	GlobalSection(ProjectConfigurationPlatforms) = postSolution
		{8ADA6C41-30D2-4BAC-98FB-1F11D83BDFDD}.Debug|Any CPU.ActiveCfg = Debug|Any CPU
		{8ADA6C41-30D2-4BAC-98FB-1F11D83BDFDD}.Debug|Any CPU.Build.0 = Debug|Any CPU
		{8ADA6C41-30D2-4BAC-98FB-1F11D83BDFDD}.Release|Any CPU.ActiveCfg = Release|Any CPU
		{8ADA6C41-30D2-4BAC-98FB-1F11D83BDFDD}.Release|Any CPU.Build.0 = Release|Any CPU
	EndGlobalSection
	GlobalSection(SolutionProperties) = preSolution
		HideSolutionNode = FALSE
	EndGlobalSection
	GlobalSection(ExtensibilityGlobals) = postSolution
		SolutionGuid = {849E6087-D7A7-41AF-AB49-C66A16C9FC25}
	EndGlobalSection
EndGlobal
